
Microsoft Visual Studio Solution File, Format Version 12.00
# Visual Studio Version 17
Project("{8BC9CEB8-8B4A-11D0-8D11-00A0C91BC942}") = "ALL_BUILD", "ALL_BUILD.vcxproj", "{B40BE7EB-805C-38B8-88BF-D660379ADF81}"
	ProjectSection(ProjectDependencies) = postProject
		{7901E9CF-0034-3ECB-BDCE-493FEEACE8C6} = {7901E9CF-0034-3ECB-BDCE-493FEEACE8C6}
		{3B6CA45B-9450-328E-8CAC-5A095332DDCA} = {3B6CA45B-9450-328E-8CAC-5A095332DDCA}
		{4C62C27F-E448-324E-95F8-E6AB8CB86F3F} = {4C62C27F-E448-324E-95F8-E6AB8CB86F3F}
		{F07EA2F8-AFC8-3C71-8E8D-EFFD1EA660C3} = {F07EA2F8-AFC8-3C71-8E8D-EFFD1EA660C3}
	EndProjectSection
EndProject
Project("{8BC9CEB8-8B4A-11D0-8D11-00A0C91BC942}") = "INSTALL", "INSTALL.vcxproj", "{D6206BEA-0BE5-34FF-9D97-FC4D10A0594C}"
	ProjectSection(ProjectDependencies) = postProject
		{B40BE7EB-805C-38B8-88BF-D660379ADF81} = {B40BE7EB-805C-38B8-88BF-D660379ADF81}
		{7901E9CF-0034-3ECB-BDCE-493FEEACE8C6} = {7901E9CF-0034-3ECB-BDCE-493FEEACE8C6}
	EndProjectSection
EndProject
Project("{8BC9CEB8-8B4A-11D0-8D11-00A0C91BC942}") = "UpdateAssimpLibsDebugSymbolsAndDLLs", "UpdateAssimpLibsDebugSymbolsAndDLLs.vcxproj", "{4FCD0BCF-3BE8-387D-B6F9-429497EAE027}"
	ProjectSection(ProjectDependencies) = postProject
		{7901E9CF-0034-3ECB-BDCE-493FEEACE8C6} = {7901E9CF-0034-3ECB-BDCE-493FEEACE8C6}
	EndProjectSection
EndProject
Project("{8BC9CEB8-8B4A-11D0-8D11-00A0C91BC942}") = "ZERO_CHECK", "ZERO_CHECK.vcxproj", "{7901E9CF-0034-3ECB-BDCE-493FEEACE8C6}"
	ProjectSection(ProjectDependencies) = postProject
	EndProjectSection
EndProject
Project("{8BC9CEB8-8B4A-11D0-8D11-00A0C91BC942}") = "assimp", "code\assimp.vcxproj", "{3B6CA45B-9450-328E-8CAC-5A095332DDCA}"
	ProjectSection(ProjectDependencies) = postProject
		{7901E9CF-0034-3ECB-BDCE-493FEEACE8C6} = {7901E9CF-0034-3ECB-BDCE-493FEEACE8C6}
		{F07EA2F8-AFC8-3C71-8E8D-EFFD1EA660C3} = {F07EA2F8-AFC8-3C71-8E8D-EFFD1EA660C3}
	EndProjectSection
EndProject
Project("{8BC9CEB8-8B4A-11D0-8D11-00A0C91BC942}") = "uninstall", "uninstall.vcxproj", "{9591ECE5-0111-33D0-A700-59DBA84758F5}"
	ProjectSection(ProjectDependencies) = postProject
		{7901E9CF-0034-3ECB-BDCE-493FEEACE8C6} = {7901E9CF-0034-3ECB-BDCE-493FEEACE8C6}
	EndProjectSection
EndProject
Project("{8BC9CEB8-8B4A-11D0-8D11-00A0C91BC942}") = "unit", "test\unit.vcxproj", "{4C62C27F-E448-324E-95F8-E6AB8CB86F3F}"
	ProjectSection(ProjectDependencies) = postProject
		{7901E9CF-0034-3ECB-BDCE-493FEEACE8C6} = {7901E9CF-0034-3ECB-BDCE-493FEEACE8C6}
		{3B6CA45B-9450-328E-8CAC-5A095332DDCA} = {3B6CA45B-9450-328E-8CAC-5A095332DDCA}
		{F07EA2F8-AFC8-3C71-8E8D-EFFD1EA660C3} = {F07EA2F8-AFC8-3C71-8E8D-EFFD1EA660C3}
	EndProjectSection
EndProject
Project("{8BC9CEB8-8B4A-11D0-8D11-00A0C91BC942}") = "zlibstatic", "contrib\zlib\zlibstatic.vcxproj", "{F07EA2F8-AFC8-3C71-8E8D-EFFD1EA660C3}"
	ProjectSection(ProjectDependencies) = postProject
		{7901E9CF-0034-3ECB-BDCE-493FEEACE8C6} = {7901E9CF-0034-3ECB-BDCE-493FEEACE8C6}
	EndProjectSection
EndProject
Global
	GlobalSection(SolutionConfigurationPlatforms) = preSolution
		Debug|x64 = Debug|x64
		Release|x64 = Release|x64
		MinSizeRel|x64 = MinSizeRel|x64
		RelWithDebInfo|x64 = RelWithDebInfo|x64
	EndGlobalSection
	GlobalSection(ProjectConfigurationPlatforms) = postSolution
		{B40BE7EB-805C-38B8-88BF-D660379ADF81}.Debug|x64.ActiveCfg = Debug|x64
		{B40BE7EB-805C-38B8-88BF-D660379ADF81}.Debug|x64.Build.0 = Debug|x64
		{B40BE7EB-805C-38B8-88BF-D660379ADF81}.Release|x64.ActiveCfg = Release|x64
		{B40BE7EB-805C-38B8-88BF-D660379ADF81}.Release|x64.Build.0 = Release|x64
		{B40BE7EB-805C-38B8-88BF-D660379ADF81}.MinSizeRel|x64.ActiveCfg = MinSizeRel|x64
		{B40BE7EB-805C-38B8-88BF-D660379ADF81}.MinSizeRel|x64.Build.0 = MinSizeRel|x64
		{B40BE7EB-805C-38B8-88BF-D660379ADF81}.RelWithDebInfo|x64.ActiveCfg = RelWithDebInfo|x64
		{B40BE7EB-805C-38B8-88BF-D660379ADF81}.RelWithDebInfo|x64.Build.0 = RelWithDebInfo|x64
		{D6206BEA-0BE5-34FF-9D97-FC4D10A0594C}.Debug|x64.ActiveCfg = Debug|x64
		{D6206BEA-0BE5-34FF-9D97-FC4D10A0594C}.Release|x64.ActiveCfg = Release|x64
		{D6206BEA-0BE5-34FF-9D97-FC4D10A0594C}.MinSizeRel|x64.ActiveCfg = MinSizeRel|x64
		{D6206BEA-0BE5-34FF-9D97-FC4D10A0594C}.RelWithDebInfo|x64.ActiveCfg = RelWithDebInfo|x64
		{4FCD0BCF-3BE8-387D-B6F9-429497EAE027}.Debug|x64.ActiveCfg = Debug|x64
		{4FCD0BCF-3BE8-387D-B6F9-429497EAE027}.Release|x64.ActiveCfg = Release|x64
		{4FCD0BCF-3BE8-387D-B6F9-429497EAE027}.MinSizeRel|x64.ActiveCfg = MinSizeRel|x64
		{4FCD0BCF-3BE8-387D-B6F9-429497EAE027}.RelWithDebInfo|x64.ActiveCfg = RelWithDebInfo|x64
		{7901E9CF-0034-3ECB-BDCE-493FEEACE8C6}.Debug|x64.ActiveCfg = Debug|x64
		{7901E9CF-0034-3ECB-BDCE-493FEEACE8C6}.Debug|x64.Build.0 = Debug|x64
		{7901E9CF-0034-3ECB-BDCE-493FEEACE8C6}.Release|x64.ActiveCfg = Release|x64
		{7901E9CF-0034-3ECB-BDCE-493FEEACE8C6}.Release|x64.Build.0 = Release|x64
		{7901E9CF-0034-3ECB-BDCE-493FEEACE8C6}.MinSizeRel|x64.ActiveCfg = MinSizeRel|x64
		{7901E9CF-0034-3ECB-BDCE-493FEEACE8C6}.MinSizeRel|x64.Build.0 = MinSizeRel|x64
		{7901E9CF-0034-3ECB-BDCE-493FEEACE8C6}.RelWithDebInfo|x64.ActiveCfg = RelWithDebInfo|x64
		{7901E9CF-0034-3ECB-BDCE-493FEEACE8C6}.RelWithDebInfo|x64.Build.0 = RelWithDebInfo|x64
		{3B6CA45B-9450-328E-8CAC-5A095332DDCA}.Debug|x64.ActiveCfg = Debug|x64
		{3B6CA45B-9450-328E-8CAC-5A095332DDCA}.Debug|x64.Build.0 = Debug|x64
		{3B6CA45B-9450-328E-8CAC-5A095332DDCA}.Release|x64.ActiveCfg = Release|x64
		{3B6CA45B-9450-328E-8CAC-5A095332DDCA}.Release|x64.Build.0 = Release|x64
		{3B6CA45B-9450-328E-8CAC-5A095332DDCA}.MinSizeRel|x64.ActiveCfg = MinSizeRel|x64
		{3B6CA45B-9450-328E-8CAC-5A095332DDCA}.MinSizeRel|x64.Build.0 = MinSizeRel|x64
		{3B6CA45B-9450-328E-8CAC-5A095332DDCA}.RelWithDebInfo|x64.ActiveCfg = RelWithDebInfo|x64
		{3B6CA45B-9450-328E-8CAC-5A095332DDCA}.RelWithDebInfo|x64.Build.0 = RelWithDebInfo|x64
		{9591ECE5-0111-33D0-A700-59DBA84758F5}.Debug|x64.ActiveCfg = Debug|x64
		{9591ECE5-0111-33D0-A700-59DBA84758F5}.Release|x64.ActiveCfg = Release|x64
		{9591ECE5-0111-33D0-A700-59DBA84758F5}.MinSizeRel|x64.ActiveCfg = MinSizeRel|x64
		{9591ECE5-0111-33D0-A700-59DBA84758F5}.RelWithDebInfo|x64.ActiveCfg = RelWithDebInfo|x64
		{4C62C27F-E448-324E-95F8-E6AB8CB86F3F}.Debug|x64.ActiveCfg = Debug|x64
		{4C62C27F-E448-324E-95F8-E6AB8CB86F3F}.Debug|x64.Build.0 = Debug|x64
		{4C62C27F-E448-324E-95F8-E6AB8CB86F3F}.Release|x64.ActiveCfg = Release|x64
		{4C62C27F-E448-324E-95F8-E6AB8CB86F3F}.Release|x64.Build.0 = Release|x64
		{4C62C27F-E448-324E-95F8-E6AB8CB86F3F}.MinSizeRel|x64.ActiveCfg = MinSizeRel|x64
		{4C62C27F-E448-324E-95F8-E6AB8CB86F3F}.MinSizeRel|x64.Build.0 = MinSizeRel|x64
		{4C62C27F-E448-324E-95F8-E6AB8CB86F3F}.RelWithDebInfo|x64.ActiveCfg = RelWithDebInfo|x64
		{4C62C27F-E448-324E-95F8-E6AB8CB86F3F}.RelWithDebInfo|x64.Build.0 = RelWithDebInfo|x64
		{F07EA2F8-AFC8-3C71-8E8D-EFFD1EA660C3}.Debug|x64.ActiveCfg = Debug|x64
		{F07EA2F8-AFC8-3C71-8E8D-EFFD1EA660C3}.Debug|x64.Build.0 = Debug|x64
		{F07EA2F8-AFC8-3C71-8E8D-EFFD1EA660C3}.Release|x64.ActiveCfg = Release|x64
		{F07EA2F8-AFC8-3C71-8E8D-EFFD1EA660C3}.Release|x64.Build.0 = Release|x64
		{F07EA2F8-AFC8-3C71-8E8D-EFFD1EA660C3}.MinSizeRel|x64.ActiveCfg = MinSizeRel|x64
		{F07EA2F8-AFC8-3C71-8E8D-EFFD1EA660C3}.MinSizeRel|x64.Build.0 = MinSizeRel|x64
		{F07EA2F8-AFC8-3C71-8E8D-EFFD1EA660C3}.RelWithDebInfo|x64.ActiveCfg = RelWithDebInfo|x64
		{F07EA2F8-AFC8-3C71-8E8D-EFFD1EA660C3}.RelWithDebInfo|x64.Build.0 = RelWithDebInfo|x64
	EndGlobalSection
	GlobalSection(ExtensibilityGlobals) = postSolution
		SolutionGuid = {8DAC2C66-397C-3649-A5B3-8DE69EE41702}
	EndGlobalSection
	GlobalSection(ExtensibilityAddIns) = postSolution
	EndGlobalSection
EndGlobal
