<?xml version="1.0" encoding="utf-8"?>
<Project ToolsVersion="17.0" xmlns="http://schemas.microsoft.com/developer/msbuild/2003">
  <ItemGroup>
    <CustomBuild Include="D:\CS 450\Sample2022\CMakeFiles\2398a90bc9965a32bfae8e538fc62cf6\INSTALL_force.rule">
      <Filter>CMake Rules</Filter>
    </CustomBuild>
  </ItemGroup>
  <ItemGroup>
    <Filter Include="CMake Rules">
      <UniqueIdentifier>{726D3BBD-D73A-3F5F-92A7-C6ABD83C953A}</UniqueIdentifier>
    </Filter>
  </ItemGroup>
</Project>
